// !$*UTF8*$!
{
	archiveVersion = 1;
	classes = {
	};
	objectVersion = 77;
	objects = {

/* Begin PBXBuildFile section */
		03A3D0CF33D59C180EA663D4 /* CategoryView.swift in Sources */ = {isa = PBXBuildFile; fileRef = CB98A4380134CC8035DCDE49 /* CategoryView.swift */; };
		213D5E437E70E2701C7AD997 /* NetworkDemos.swift in Sources */ = {isa = PBXBuildFile; fileRef = 0DD8F8C370E5D563E35489A6 /* NetworkDemos.swift */; };
		443B9462879E4B58B1778165 /* CSDemos.swift in Sources */ = {isa = PBXBuildFile; fileRef = E9B1EF32A1736D8CF49B89CD /* CSDemos.swift */; };
		5D01AAD645F6B3B3EA568981 /* DemoRegistry.swift in Sources */ = {isa = PBXBuildFile; fileRef = 683743F4EDA55C880F554ECD /* DemoRegistry.swift */; };
		6D9A06CC52E876AB7E94EB54 /* RealWorldDemos.swift in Sources */ = {isa = PBXBuildFile; fileRef = E5C8EF355AB4D3FB329359BF /* RealWorldDemos.swift */; };
		742993F71F02DE71E82CBD44 /* ArchitectureDemos.swift in Sources */ = {isa = PBXBuildFile; fileRef = C5C064CF334BCF42DAB41144 /* ArchitectureDemos.swift */; };
		838C7510B5A124681593DE72 /* NetworkingDemos.swift in Sources */ = {isa = PBXBuildFile; fileRef = 01FF781B4E8E2B68F8FB8B2E /* NetworkingDemos.swift */; };
		85D3117350CBAC917ABA32E9 /* SwiftUIDemos.swift in Sources */ = {isa = PBXBuildFile; fileRef = B99B8E0FDE570A206A1C0077 /* SwiftUIDemos.swift */; };
		877AF4F98BFA8DC10984C7A0 /* UIKitDemos.swift in Sources */ = {isa = PBXBuildFile; fileRef = 7647DFD22785821D46A25BCA /* UIKitDemos.swift */; };
		87F943FDB52739B11BA149A1 /* PerformanceDemos.swift in Sources */ = {isa = PBXBuildFile; fileRef = 19EC186982FE5EB078734B89 /* PerformanceDemos.swift */; };
		912E7FD33C4A2BE6637E48DA /* LogView.swift in Sources */ = {isa = PBXBuildFile; fileRef = A32408FF2891E954AB4A82A0 /* LogView.swift */; };
		968B60A5DCE6D364CA6CFB6D /* SampleAppApp.swift in Sources */ = {isa = PBXBuildFile; fileRef = 67035D717D2F6CEDF938156D /* SampleAppApp.swift */; };
		A2CE23D05893732678AA8D58 /* SwiftLanguageDemos.swift in Sources */ = {isa = PBXBuildFile; fileRef = 9AC6042CA047EF1F213C7944 /* SwiftLanguageDemos.swift */; };
		B6CECE02B96C2AA28DA241B1 /* SampleAppTests.swift in Sources */ = {isa = PBXBuildFile; fileRef = 5D1C7234451E6C36E8BBA066 /* SampleAppTests.swift */; };
		B77240BD4541B9A1C7908D02 /* MemoryDemos.swift in Sources */ = {isa = PBXBuildFile; fileRef = 51DD8E96D811596B45E85B0F /* MemoryDemos.swift */; };
		B77FAA357FC7272D6B9CFAF0 /* BuildSystemDemos.swift in Sources */ = {isa = PBXBuildFile; fileRef = 78BEE06F6F3C66CD8BC9D5F3 /* BuildSystemDemos.swift */; };
		C180579811B4A09508FEC9D8 /* ConcurrencyDemos.swift in Sources */ = {isa = PBXBuildFile; fileRef = 7E8544D305E47A7967D04E92 /* ConcurrencyDemos.swift */; };
		CB6C6B55D12D128D81AD10BD /* TestingDemos.swift in Sources */ = {isa = PBXBuildFile; fileRef = C3690751CDE8ED635B01BED8 /* TestingDemos.swift */; };
		CED9BC471D337CB2A1FBEC0D /* RootMenuView.swift in Sources */ = {isa = PBXBuildFile; fileRef = 512A21FF398E95BF91B24A67 /* RootMenuView.swift */; };
		D0D33E0BE8AD6CE387722893 /* DemoHostView.swift in Sources */ = {isa = PBXBuildFile; fileRef = 87A4AE07824A62A7E1CD310A /* DemoHostView.swift */; };
		DE6B3B806D6CB3BB90F3D90E /* PersistenceDemos.swift in Sources */ = {isa = PBXBuildFile; fileRef = E11498FBE5731E1A4B44CF46 /* PersistenceDemos.swift */; };
		E22CE2BE81B036FF78AC1768 /* ObjectiveCDemos.swift in Sources */ = {isa = PBXBuildFile; fileRef = E23E61A6F59F6920B3A33DD2 /* ObjectiveCDemos.swift */; };
		F52A04D10F16D7B151B019E7 /* Demo.swift in Sources */ = {isa = PBXBuildFile; fileRef = FE2A19131644397480D6D1FD /* Demo.swift */; };
		F55C06C1A6B4878D885C26C3 /* ParadigmsDemos.swift in Sources */ = {isa = PBXBuildFile; fileRef = F9DC5E45D03F9426F6E59BEF /* ParadigmsDemos.swift */; };
		F8AB96A0D8692F79B1CBA58C /* DesignPatternsDemos.swift in Sources */ = {isa = PBXBuildFile; fileRef = 52FD3917212CC654B2EB19C1 /* DesignPatternsDemos.swift */; };
/* End PBXBuildFile section */

/* Begin PBXContainerItemProxy section */
		DA20698AB3480BE0BBEEABDF /* PBXContainerItemProxy */ = {
			isa = PBXContainerItemProxy;
			containerPortal = 3F108E0E1A9C2FF2E8F23400 /* Project object */;
			proxyType = 1;
			remoteGlobalIDString = 69D3C2A73C3237C27B28F505;
			remoteInfo = SampleApp;
		};
/* End PBXContainerItemProxy section */

/* Begin PBXFileReference section */
		01FF781B4E8E2B68F8FB8B2E /* NetworkingDemos.swift */ = {isa = PBXFileReference; lastKnownFileType = sourcecode.swift; path = NetworkingDemos.swift; sourceTree = "<group>"; };
		0DD8F8C370E5D563E35489A6 /* NetworkDemos.swift */ = {isa = PBXFileReference; lastKnownFileType = sourcecode.swift; path = NetworkDemos.swift; sourceTree = "<group>"; };
		163DC6DF7B01CB383ED47399 /* SampleAppTests.xctest */ = {isa = PBXFileReference; includeInIndex = 0; lastKnownFileType = wrapper.cfbundle; path = SampleAppTests.xctest; sourceTree = BUILT_PRODUCTS_DIR; };
		19EC186982FE5EB078734B89 /* PerformanceDemos.swift */ = {isa = PBXFileReference; lastKnownFileType = sourcecode.swift; path = PerformanceDemos.swift; sourceTree = "<group>"; };
		512A21FF398E95BF91B24A67 /* RootMenuView.swift */ = {isa = PBXFileReference; lastKnownFileType = sourcecode.swift; path = RootMenuView.swift; sourceTree = "<group>"; };
		51DD8E96D811596B45E85B0F /* MemoryDemos.swift */ = {isa = PBXFileReference; lastKnownFileType = sourcecode.swift; path = MemoryDemos.swift; sourceTree = "<group>"; };
		52FD3917212CC654B2EB19C1 /* DesignPatternsDemos.swift */ = {isa = PBXFileReference; lastKnownFileType = sourcecode.swift; path = DesignPatternsDemos.swift; sourceTree = "<group>"; };
		5D1C7234451E6C36E8BBA066 /* SampleAppTests.swift */ = {isa = PBXFileReference; lastKnownFileType = sourcecode.swift; path = SampleAppTests.swift; sourceTree = "<group>"; };
		67035D717D2F6CEDF938156D /* SampleAppApp.swift */ = {isa = PBXFileReference; lastKnownFileType = sourcecode.swift; path = SampleAppApp.swift; sourceTree = "<group>"; };
		683743F4EDA55C880F554ECD /* DemoRegistry.swift */ = {isa = PBXFileReference; lastKnownFileType = sourcecode.swift; path = DemoRegistry.swift; sourceTree = "<group>"; };
		7647DFD22785821D46A25BCA /* UIKitDemos.swift */ = {isa = PBXFileReference; lastKnownFileType = sourcecode.swift; path = UIKitDemos.swift; sourceTree = "<group>"; };
		78BEE06F6F3C66CD8BC9D5F3 /* BuildSystemDemos.swift */ = {isa = PBXFileReference; lastKnownFileType = sourcecode.swift; path = BuildSystemDemos.swift; sourceTree = "<group>"; };
		7E8544D305E47A7967D04E92 /* ConcurrencyDemos.swift */ = {isa = PBXFileReference; lastKnownFileType = sourcecode.swift; path = ConcurrencyDemos.swift; sourceTree = "<group>"; };
		87A4AE07824A62A7E1CD310A /* DemoHostView.swift */ = {isa = PBXFileReference; lastKnownFileType = sourcecode.swift; path = DemoHostView.swift; sourceTree = "<group>"; };
		9AC6042CA047EF1F213C7944 /* SwiftLanguageDemos.swift */ = {isa = PBXFileReference; lastKnownFileType = sourcecode.swift; path = SwiftLanguageDemos.swift; sourceTree = "<group>"; };
		A32408FF2891E954AB4A82A0 /* LogView.swift */ = {isa = PBXFileReference; lastKnownFileType = sourcecode.swift; path = LogView.swift; sourceTree = "<group>"; };
		B99B8E0FDE570A206A1C0077 /* SwiftUIDemos.swift */ = {isa = PBXFileReference; lastKnownFileType = sourcecode.swift; path = SwiftUIDemos.swift; sourceTree = "<group>"; };
		C3690751CDE8ED635B01BED8 /* TestingDemos.swift */ = {isa = PBXFileReference; lastKnownFileType = sourcecode.swift; path = TestingDemos.swift; sourceTree = "<group>"; };
		C5C064CF334BCF42DAB41144 /* ArchitectureDemos.swift */ = {isa = PBXFileReference; lastKnownFileType = sourcecode.swift; path = ArchitectureDemos.swift; sourceTree = "<group>"; };
		CB98A4380134CC8035DCDE49 /* CategoryView.swift */ = {isa = PBXFileReference; lastKnownFileType = sourcecode.swift; path = CategoryView.swift; sourceTree = "<group>"; };
		DD0E01F9D77DC91660EB290F /* SampleApp.app */ = {isa = PBXFileReference; includeInIndex = 0; lastKnownFileType = wrapper.application; path = SampleApp.app; sourceTree = BUILT_PRODUCTS_DIR; };
		E11498FBE5731E1A4B44CF46 /* PersistenceDemos.swift */ = {isa = PBXFileReference; lastKnownFileType = sourcecode.swift; path = PersistenceDemos.swift; sourceTree = "<group>"; };
		E23E61A6F59F6920B3A33DD2 /* ObjectiveCDemos.swift */ = {isa = PBXFileReference; lastKnownFileType = sourcecode.swift; path = ObjectiveCDemos.swift; sourceTree = "<group>"; };
		E5C8EF355AB4D3FB329359BF /* RealWorldDemos.swift */ = {isa = PBXFileReference; lastKnownFileType = sourcecode.swift; path = RealWorldDemos.swift; sourceTree = "<group>"; };
		E9B1EF32A1736D8CF49B89CD /* CSDemos.swift */ = {isa = PBXFileReference; lastKnownFileType = sourcecode.swift; path = CSDemos.swift; sourceTree = "<group>"; };
		F9DC5E45D03F9426F6E59BEF /* ParadigmsDemos.swift */ = {isa = PBXFileReference; lastKnownFileType = sourcecode.swift; path = ParadigmsDemos.swift; sourceTree = "<group>"; };
		FE2A19131644397480D6D1FD /* Demo.swift */ = {isa = PBXFileReference; lastKnownFileType = sourcecode.swift; path = Demo.swift; sourceTree = "<group>"; };
/* End PBXFileReference section */

/* Begin PBXGroup section */
		1964E6EA339DFDC5BBFEB1C5 /* Architecture */ = {
			isa = PBXGroup;
			children = (
				C5C064CF334BCF42DAB41144 /* ArchitectureDemos.swift */,
			);
			path = Architecture;
			sourceTree = "<group>";
		};
		1B85371364BD07D94AA75123 /* RealWorld */ = {
			isa = PBXGroup;
			children = (
				E5C8EF355AB4D3FB329359BF /* RealWorldDemos.swift */,
			);
			path = RealWorld;
			sourceTree = "<group>";
		};
		2071361DCE28E7F6380924A5 /* Testing */ = {
			isa = PBXGroup;
			children = (
				C3690751CDE8ED635B01BED8 /* TestingDemos.swift */,
			);
			path = Testing;
			sourceTree = "<group>";
		};
		2332A87521BD7ABE7D293940 /* Performance */ = {
			isa = PBXGroup;
			children = (
				19EC186982FE5EB078734B89 /* PerformanceDemos.swift */,
			);
			path = Performance;
			sourceTree = "<group>";
		};
		2F0E7DDB93EA7EAA8C30D291 /* Demos */ = {
			isa = PBXGroup;
			children = (
				1964E6EA339DFDC5BBFEB1C5 /* Architecture */,
				B30CD081CC92F3E8DEBCF368 /* BuildSystem */,
				479734E26C07D784DE9FDD37 /* Concurrency */,
				3ACD1D87A731318760CBFF41 /* CSFundamentals */,
				EDE652E3BCC8B40845406487 /* DesignPatterns */,
				7FEEB9B85FECAA27F572FA1F /* Memory */,
				35BFA09A1BBE709E771D0A96 /* Network */,
				6A01F0BB699DC98873DF1959 /* Networking */,
				37FCBAB9A3452E43F209021D /* ObjectiveC */,
				70865D6B77B7860BA103F22A /* Paradigms */,
				2332A87521BD7ABE7D293940 /* Performance */,
				D83C9FC6CB6AA75D3DD1D550 /* Persistence */,
				1B85371364BD07D94AA75123 /* RealWorld */,
				341143D3C4CC776AF2465699 /* Swift */,
				F907FDF8994843E991C67CEF /* SwiftUI */,
				2071361DCE28E7F6380924A5 /* Testing */,
				4B830BF825A9800A83186082 /* UIKit */,
			);
			path = Demos;
			sourceTree = "<group>";
		};
		341143D3C4CC776AF2465699 /* Swift */ = {
			isa = PBXGroup;
			children = (
				9AC6042CA047EF1F213C7944 /* SwiftLanguageDemos.swift */,
			);
			path = Swift;
			sourceTree = "<group>";
		};
		35BFA09A1BBE709E771D0A96 /* Network */ = {
			isa = PBXGroup;
			children = (
				0DD8F8C370E5D563E35489A6 /* NetworkDemos.swift */,
			);
			path = Network;
			sourceTree = "<group>";
		};
		37FCBAB9A3452E43F209021D /* ObjectiveC */ = {
			isa = PBXGroup;
			children = (
				E23E61A6F59F6920B3A33DD2 /* ObjectiveCDemos.swift */,
			);
			path = ObjectiveC;
			sourceTree = "<group>";
		};
		3A3111002D20FC0A911F7B84 /* SampleApp */ = {
			isa = PBXGroup;
			children = (
				67035D717D2F6CEDF938156D /* SampleAppApp.swift */,
				E38BEDBFC23991025BABD718 /* Core */,
				2F0E7DDB93EA7EAA8C30D291 /* Demos */,
				AD06DF338209494A808C8389 /* UI */,
			);
			path = SampleApp;
			sourceTree = "<group>";
		};
		3ACD1D87A731318760CBFF41 /* CSFundamentals */ = {
			isa = PBXGroup;
			children = (
				E9B1EF32A1736D8CF49B89CD /* CSDemos.swift */,
			);
			path = CSFundamentals;
			sourceTree = "<group>";
		};
		479734E26C07D784DE9FDD37 /* Concurrency */ = {
			isa = PBXGroup;
			children = (
				7E8544D305E47A7967D04E92 /* ConcurrencyDemos.swift */,
			);
			path = Concurrency;
			sourceTree = "<group>";
		};
		4B830BF825A9800A83186082 /* UIKit */ = {
			isa = PBXGroup;
			children = (
				7647DFD22785821D46A25BCA /* UIKitDemos.swift */,
			);
			path = UIKit;
			sourceTree = "<group>";
		};
		6A01F0BB699DC98873DF1959 /* Networking */ = {
			isa = PBXGroup;
			children = (
				01FF781B4E8E2B68F8FB8B2E /* NetworkingDemos.swift */,
			);
			path = Networking;
			sourceTree = "<group>";
		};
		6CF97D63EDBD0C5E4993DBEC /* SampleAppTests */ = {
			isa = PBXGroup;
			children = (
				5D1C7234451E6C36E8BBA066 /* SampleAppTests.swift */,
			);
			path = SampleAppTests;
			sourceTree = "<group>";
		};
		70865D6B77B7860BA103F22A /* Paradigms */ = {
			isa = PBXGroup;
			children = (
				F9DC5E45D03F9426F6E59BEF /* ParadigmsDemos.swift */,
			);
			path = Paradigms;
			sourceTree = "<group>";
		};
		7FEEB9B85FECAA27F572FA1F /* Memory */ = {
			isa = PBXGroup;
			children = (
				51DD8E96D811596B45E85B0F /* MemoryDemos.swift */,
			);
			path = Memory;
			sourceTree = "<group>";
		};
		AD06DF338209494A808C8389 /* UI */ = {
			isa = PBXGroup;
			children = (
				CB98A4380134CC8035DCDE49 /* CategoryView.swift */,
				87A4AE07824A62A7E1CD310A /* DemoHostView.swift */,
				512A21FF398E95BF91B24A67 /* RootMenuView.swift */,
			);
			path = UI;
			sourceTree = "<group>";
		};
		B30CD081CC92F3E8DEBCF368 /* BuildSystem */ = {
			isa = PBXGroup;
			children = (
				78BEE06F6F3C66CD8BC9D5F3 /* BuildSystemDemos.swift */,
			);
			path = BuildSystem;
			sourceTree = "<group>";
		};
		C62D65BC2378A8F8766F8E3E = {
			isa = PBXGroup;
			children = (
				3A3111002D20FC0A911F7B84 /* SampleApp */,
				6CF97D63EDBD0C5E4993DBEC /* SampleAppTests */,
				EC09C6124F53F34B3B06618A /* Products */,
			);
			sourceTree = "<group>";
		};
		D83C9FC6CB6AA75D3DD1D550 /* Persistence */ = {
			isa = PBXGroup;
			children = (
				E11498FBE5731E1A4B44CF46 /* PersistenceDemos.swift */,
			);
			path = Persistence;
			sourceTree = "<group>";
		};
		E38BEDBFC23991025BABD718 /* Core */ = {
			isa = PBXGroup;
			children = (
				FE2A19131644397480D6D1FD /* Demo.swift */,
				683743F4EDA55C880F554ECD /* DemoRegistry.swift */,
				A32408FF2891E954AB4A82A0 /* LogView.swift */,
			);
			path = Core;
			sourceTree = "<group>";
		};
		EC09C6124F53F34B3B06618A /* Products */ = {
			isa = PBXGroup;
			children = (
				DD0E01F9D77DC91660EB290F /* SampleApp.app */,
				163DC6DF7B01CB383ED47399 /* SampleAppTests.xctest */,
			);
			name = Products;
			sourceTree = "<group>";
		};
		EDE652E3BCC8B40845406487 /* DesignPatterns */ = {
			isa = PBXGroup;
			children = (
				52FD3917212CC654B2EB19C1 /* DesignPatternsDemos.swift */,
			);
			path = DesignPatterns;
			sourceTree = "<group>";
		};
		F907FDF8994843E991C67CEF /* SwiftUI */ = {
			isa = PBXGroup;
			children = (
				B99B8E0FDE570A206A1C0077 /* SwiftUIDemos.swift */,
			);
			path = SwiftUI;
			sourceTree = "<group>";
		};
/* End PBXGroup section */

/* Begin PBXNativeTarget section */
		69D3C2A73C3237C27B28F505 /* SampleApp */ = {
			isa = PBXNativeTarget;
			buildConfigurationList = 1C4C9E1641DBA8E16E60B680 /* Build configuration list for PBXNativeTarget "SampleApp" */;
			buildPhases = (
				4EB4BFD39782C29A3595B653 /* Sources */,
			);
			buildRules = (
			);
			dependencies = (
			);
			name = SampleApp;
			packageProductDependencies = (
			);
			productName = SampleApp;
			productReference = DD0E01F9D77DC91660EB290F /* SampleApp.app */;
			productType = "com.apple.product-type.application";
		};
		EEAEA467BCC00C3E95D72DB5 /* SampleAppTests */ = {
			isa = PBXNativeTarget;
			buildConfigurationList = 03CE24C21855C2D5833F9675 /* Build configuration list for PBXNativeTarget "SampleAppTests" */;
			buildPhases = (
				27662B0B140F4FB0CF118E79 /* Sources */,
			);
			buildRules = (
			);
			dependencies = (
				9A8DC1D197187BBE2A4C561E /* PBXTargetDependency */,
			);
			name = SampleAppTests;
			packageProductDependencies = (
			);
			productName = SampleAppTests;
			productReference = 163DC6DF7B01CB383ED47399 /* SampleAppTests.xctest */;
			productType = "com.apple.product-type.bundle.unit-test";
		};
/* End PBXNativeTarget section */

/* Begin PBXProject section */
		3F108E0E1A9C2FF2E8F23400 /* Project object */ = {
			isa = PBXProject;
			attributes = {
				BuildIndependentTargetsInParallel = YES;
				LastUpgradeCheck = 1430;
			};
			buildConfigurationList = 7FCD0870993D894B84E16173 /* Build configuration list for PBXProject "SampleApp" */;
			compatibilityVersion = "Xcode 14.0";
			developmentRegion = ko;
			hasScannedForEncodings = 0;
			knownRegions = (
				Base,
				ko,
			);
			mainGroup = C62D65BC2378A8F8766F8E3E;
			minimizedProjectReferenceProxies = 1;
			preferredProjectObjectVersion = 77;
			projectDirPath = "";
			projectRoot = "";
			targets = (
				69D3C2A73C3237C27B28F505 /* SampleApp */,
				EEAEA467BCC00C3E95D72DB5 /* SampleAppTests */,
			);
		};
/* End PBXProject section */

/* Begin PBXSourcesBuildPhase section */
		27662B0B140F4FB0CF118E79 /* Sources */ = {
			isa = PBXSourcesBuildPhase;
			buildActionMask = 2147483647;
			files = (
				B6CECE02B96C2AA28DA241B1 /* SampleAppTests.swift in Sources */,
			);
			runOnlyForDeploymentPostprocessing = 0;
		};
		4EB4BFD39782C29A3595B653 /* Sources */ = {
			isa = PBXSourcesBuildPhase;
			buildActionMask = 2147483647;
			files = (
				742993F71F02DE71E82CBD44 /* ArchitectureDemos.swift in Sources */,
				B77FAA357FC7272D6B9CFAF0 /* BuildSystemDemos.swift in Sources */,
				443B9462879E4B58B1778165 /* CSDemos.swift in Sources */,
				03A3D0CF33D59C180EA663D4 /* CategoryView.swift in Sources */,
				C180579811B4A09508FEC9D8 /* ConcurrencyDemos.swift in Sources */,
				F52A04D10F16D7B151B019E7 /* Demo.swift in Sources */,
				D0D33E0BE8AD6CE387722893 /* DemoHostView.swift in Sources */,
				5D01AAD645F6B3B3EA568981 /* DemoRegistry.swift in Sources */,
				F8AB96A0D8692F79B1CBA58C /* DesignPatternsDemos.swift in Sources */,
				912E7FD33C4A2BE6637E48DA /* LogView.swift in Sources */,
				B77240BD4541B9A1C7908D02 /* MemoryDemos.swift in Sources */,
				213D5E437E70E2701C7AD997 /* NetworkDemos.swift in Sources */,
				838C7510B5A124681593DE72 /* NetworkingDemos.swift in Sources */,
				E22CE2BE81B036FF78AC1768 /* ObjectiveCDemos.swift in Sources */,
				F55C06C1A6B4878D885C26C3 /* ParadigmsDemos.swift in Sources */,
				87F943FDB52739B11BA149A1 /* PerformanceDemos.swift in Sources */,
				DE6B3B806D6CB3BB90F3D90E /* PersistenceDemos.swift in Sources */,
				6D9A06CC52E876AB7E94EB54 /* RealWorldDemos.swift in Sources */,
				CED9BC471D337CB2A1FBEC0D /* RootMenuView.swift in Sources */,
				968B60A5DCE6D364CA6CFB6D /* SampleAppApp.swift in Sources */,
				A2CE23D05893732678AA8D58 /* SwiftLanguageDemos.swift in Sources */,
				85D3117350CBAC917ABA32E9 /* SwiftUIDemos.swift in Sources */,
				CB6C6B55D12D128D81AD10BD /* TestingDemos.swift in Sources */,
				877AF4F98BFA8DC10984C7A0 /* UIKitDemos.swift in Sources */,
			);
			runOnlyForDeploymentPostprocessing = 0;
		};
/* End PBXSourcesBuildPhase section */

/* Begin PBXTargetDependency section */
		9A8DC1D197187BBE2A4C561E /* PBXTargetDependency */ = {
			isa = PBXTargetDependency;
			target = 69D3C2A73C3237C27B28F505 /* SampleApp */;
			targetProxy = DA20698AB3480BE0BBEEABDF /* PBXContainerItemProxy */;
		};
/* End PBXTargetDependency section */

/* Begin XCBuildConfiguration section */
		3C369ED413F8B808BFCD2226 /* Release */ = {
			isa = XCBuildConfiguration;
			buildSettings = {
				ASSETCATALOG_COMPILER_APPICON_NAME = AppIcon;
				CODE_SIGN_IDENTITY = "iPhone Developer";
				INFOPLIST_KEY_UIApplicationSceneManifest_Generation = YES;
				INFOPLIST_KEY_UIApplicationSupportsIndirectInputEvents = YES;
				INFOPLIST_KEY_UILaunchScreen_Generation = YES;
				INFOPLIST_KEY_UISupportedInterfaceOrientations_iPhone = "UIInterfaceOrientationPortrait UIInterfaceOrientationLandscapeLeft UIInterfaceOrientationLandscapeRight";
				LD_RUNPATH_SEARCH_PATHS = (
					"$(inherited)",
					"@executable_path/Frameworks",
				);
				PRODUCT_BUNDLE_IDENTIFIER = dev.kangddong.SampleApp;
				SDKROOT = iphoneos;
				TARGETED_DEVICE_FAMILY = "1,2";
			};
			name = Release;
		};
		9303882A1F2C3F1C4DCBB9D2 /* Release */ = {
			isa = XCBuildConfiguration;
			buildSettings = {
				BUNDLE_LOADER = "$(TEST_HOST)";
				LD_RUNPATH_SEARCH_PATHS = (
					"$(inherited)",
					"@executable_path/Frameworks",
					"@loader_path/Frameworks",
				);
				PRODUCT_BUNDLE_IDENTIFIER = dev.kangddong.SampleAppTests;
				SDKROOT = iphoneos;
				TARGETED_DEVICE_FAMILY = "1,2";
				TEST_HOST = "$(BUILT_PRODUCTS_DIR)/SampleApp.app/SampleApp";
			};
			name = Release;
		};
		9F7C5C53EADC8EB05C680D9F /* Debug */ = {
			isa = XCBuildConfiguration;
			buildSettings = {
				ALWAYS_SEARCH_USER_PATHS = NO;
				CLANG_ANALYZER_NONNULL = YES;
				CLANG_ANALYZER_NUMBER_OBJECT_CONVERSION = YES_AGGRESSIVE;
				CLANG_CXX_LANGUAGE_STANDARD = "gnu++14";
				CLANG_CXX_LIBRARY = "libc++";
				CLANG_ENABLE_MODULES = YES;
				CLANG_ENABLE_OBJC_ARC = YES;
				CLANG_ENABLE_OBJC_WEAK = YES;
				CLANG_WARN_BLOCK_CAPTURE_AUTORELEASING = YES;
				CLANG_WARN_BOOL_CONVERSION = YES;
				CLANG_WARN_COMMA = YES;
				CLANG_WARN_CONSTANT_CONVERSION = YES;
				CLANG_WARN_DEPRECATED_OBJC_IMPLEMENTATIONS = YES;
				CLANG_WARN_DIRECT_OBJC_ISA_USAGE = YES_ERROR;
				CLANG_WARN_DOCUMENTATION_COMMENTS = YES;
				CLANG_WARN_EMPTY_BODY = YES;
				CLANG_WARN_ENUM_CONVERSION = YES;
				CLANG_WARN_INFINITE_RECURSION = YES;
				CLANG_WARN_INT_CONVERSION = YES;
				CLANG_WARN_NON_LITERAL_NULL_CONVERSION = YES;
				CLANG_WARN_OBJC_IMPLICIT_RETAIN_SELF = YES;
				CLANG_WARN_OBJC_LITERAL_CONVERSION = YES;
				CLANG_WARN_OBJC_ROOT_CLASS = YES_ERROR;
				CLANG_WARN_QUOTED_INCLUDE_IN_FRAMEWORK_HEADER = YES;
				CLANG_WARN_RANGE_LOOP_ANALYSIS = YES;
				CLANG_WARN_STRICT_PROTOTYPES = YES;
				CLANG_WARN_SUSPICIOUS_MOVE = YES;
				CLANG_WARN_UNGUARDED_AVAILABILITY = YES_AGGRESSIVE;
				CLANG_WARN_UNREACHABLE_CODE = YES;
				CLANG_WARN__DUPLICATE_METHOD_MATCH = YES;
				COPY_PHASE_STRIP = NO;
				CURRENT_PROJECT_VERSION = 1;
				DEBUG_INFORMATION_FORMAT = dwarf;
				ENABLE_STRICT_OBJC_MSGSEND = YES;
				ENABLE_TESTABILITY = YES;
				ENABLE_USER_SCRIPT_SANDBOXING = NO;
				GCC_C_LANGUAGE_STANDARD = gnu11;
				GCC_DYNAMIC_NO_PIC = NO;
				GCC_NO_COMMON_BLOCKS = YES;
				GCC_OPTIMIZATION_LEVEL = 0;
				GCC_PREPROCESSOR_DEFINITIONS = (
					"$(inherited)",
					"DEBUG=1",
				);
				GCC_WARN_64_TO_32_BIT_CONVERSION = YES;
				GCC_WARN_ABOUT_RETURN_TYPE = YES_ERROR;
				GCC_WARN_UNDECLARED_SELECTOR = YES;
				GCC_WARN_UNINITIALIZED_AUTOS = YES_AGGRESSIVE;
				GCC_WARN_UNUSED_FUNCTION = YES;
				GCC_WARN_UNUSED_VARIABLE = YES;
				GENERATE_INFOPLIST_FILE = YES;
				IPHONEOS_DEPLOYMENT_TARGET = 17.0;
				MARKETING_VERSION = 1.0;
				MTL_ENABLE_DEBUG_INFO = INCLUDE_SOURCE;
				MTL_FAST_MATH = YES;
				ONLY_ACTIVE_ARCH = YES;
				PRODUCT_NAME = "$(TARGET_NAME)";
				SDKROOT = iphoneos;
				SWIFT_ACTIVE_COMPILATION_CONDITIONS = DEBUG;
				SWIFT_OPTIMIZATION_LEVEL = "-Onone";
				SWIFT_STRICT_CONCURRENCY = minimal;
				SWIFT_VERSION = 5.10;
			};
			name = Debug;
		};
		B5E66F216F31A6E3CDDFA68A /* Debug */ = {
			isa = XCBuildConfiguration;
			buildSettings = {
				ASSETCATALOG_COMPILER_APPICON_NAME = AppIcon;
				CODE_SIGN_IDENTITY = "iPhone Developer";
				INFOPLIST_KEY_UIApplicationSceneManifest_Generation = YES;
				INFOPLIST_KEY_UIApplicationSupportsIndirectInputEvents = YES;
				INFOPLIST_KEY_UILaunchScreen_Generation = YES;
				INFOPLIST_KEY_UISupportedInterfaceOrientations_iPhone = "UIInterfaceOrientationPortrait UIInterfaceOrientationLandscapeLeft UIInterfaceOrientationLandscapeRight";
				LD_RUNPATH_SEARCH_PATHS = (
					"$(inherited)",
					"@executable_path/Frameworks",
				);
				PRODUCT_BUNDLE_IDENTIFIER = dev.kangddong.SampleApp;
				SDKROOT = iphoneos;
				TARGETED_DEVICE_FAMILY = "1,2";
			};
			name = Debug;
		};
		C3D140D81C7DB2CCBF6837F7 /* Release */ = {
			isa = XCBuildConfiguration;
			buildSettings = {
				ALWAYS_SEARCH_USER_PATHS = NO;
				CLANG_ANALYZER_NONNULL = YES;
				CLANG_ANALYZER_NUMBER_OBJECT_CONVERSION = YES_AGGRESSIVE;
				CLANG_CXX_LANGUAGE_STANDARD = "gnu++14";
				CLANG_CXX_LIBRARY = "libc++";
				CLANG_ENABLE_MODULES = YES;
				CLANG_ENABLE_OBJC_ARC = YES;
				CLANG_ENABLE_OBJC_WEAK = YES;
				CLANG_WARN_BLOCK_CAPTURE_AUTORELEASING = YES;
				CLANG_WARN_BOOL_CONVERSION = YES;
				CLANG_WARN_COMMA = YES;
				CLANG_WARN_CONSTANT_CONVERSION = YES;
				CLANG_WARN_DEPRECATED_OBJC_IMPLEMENTATIONS = YES;
				CLANG_WARN_DIRECT_OBJC_ISA_USAGE = YES_ERROR;
				CLANG_WARN_DOCUMENTATION_COMMENTS = YES;
				CLANG_WARN_EMPTY_BODY = YES;
				CLANG_WARN_ENUM_CONVERSION = YES;
				CLANG_WARN_INFINITE_RECURSION = YES;
				CLANG_WARN_INT_CONVERSION = YES;
				CLANG_WARN_NON_LITERAL_NULL_CONVERSION = YES;
				CLANG_WARN_OBJC_IMPLICIT_RETAIN_SELF = YES;
				CLANG_WARN_OBJC_LITERAL_CONVERSION = YES;
				CLANG_WARN_OBJC_ROOT_CLASS = YES_ERROR;
				CLANG_WARN_QUOTED_INCLUDE_IN_FRAMEWORK_HEADER = YES;
				CLANG_WARN_RANGE_LOOP_ANALYSIS = YES;
				CLANG_WARN_STRICT_PROTOTYPES = YES;
				CLANG_WARN_SUSPICIOUS_MOVE = YES;
				CLANG_WARN_UNGUARDED_AVAILABILITY = YES_AGGRESSIVE;
				CLANG_WARN_UNREACHABLE_CODE = YES;
				CLANG_WARN__DUPLICATE_METHOD_MATCH = YES;
				COPY_PHASE_STRIP = NO;
				CURRENT_PROJECT_VERSION = 1;
				DEBUG_INFORMATION_FORMAT = "dwarf-with-dsym";
				ENABLE_NS_ASSERTIONS = NO;
				ENABLE_STRICT_OBJC_MSGSEND = YES;
				ENABLE_USER_SCRIPT_SANDBOXING = NO;
				GCC_C_LANGUAGE_STANDARD = gnu11;
				GCC_NO_COMMON_BLOCKS = YES;
				GCC_WARN_64_TO_32_BIT_CONVERSION = YES;
				GCC_WARN_ABOUT_RETURN_TYPE = YES_ERROR;
				GCC_WARN_UNDECLARED_SELECTOR = YES;
				GCC_WARN_UNINITIALIZED_AUTOS = YES_AGGRESSIVE;
				GCC_WARN_UNUSED_FUNCTION = YES;
				GCC_WARN_UNUSED_VARIABLE = YES;
				GENERATE_INFOPLIST_FILE = YES;
				IPHONEOS_DEPLOYMENT_TARGET = 17.0;
				MARKETING_VERSION = 1.0;
				MTL_ENABLE_DEBUG_INFO = NO;
				MTL_FAST_MATH = YES;
				PRODUCT_NAME = "$(TARGET_NAME)";
				SDKROOT = iphoneos;
				SWIFT_COMPILATION_MODE = wholemodule;
				SWIFT_OPTIMIZATION_LEVEL = "-O";
				SWIFT_STRICT_CONCURRENCY = minimal;
				SWIFT_VERSION = 5.10;
			};
			name = Release;
		};
		D6AF7024DB4BB5B284FBFCD8 /* Debug */ = {
			isa = XCBuildConfiguration;
			buildSettings = {
				BUNDLE_LOADER = "$(TEST_HOST)";
				LD_RUNPATH_SEARCH_PATHS = (
					"$(inherited)",
					"@executable_path/Frameworks",
					"@loader_path/Frameworks",
				);
				PRODUCT_BUNDLE_IDENTIFIER = dev.kangddong.SampleAppTests;
				SDKROOT = iphoneos;
				TARGETED_DEVICE_FAMILY = "1,2";
				TEST_HOST = "$(BUILT_PRODUCTS_DIR)/SampleApp.app/SampleApp";
			};
			name = Debug;
		};
/* End XCBuildConfiguration section */

/* Begin XCConfigurationList section */
		03CE24C21855C2D5833F9675 /* Build configuration list for PBXNativeTarget "SampleAppTests" */ = {
			isa = XCConfigurationList;
			buildConfigurations = (
				D6AF7024DB4BB5B284FBFCD8 /* Debug */,
				9303882A1F2C3F1C4DCBB9D2 /* Release */,
			);
			defaultConfigurationIsVisible = 0;
			defaultConfigurationName = Debug;
		};
		1C4C9E1641DBA8E16E60B680 /* Build configuration list for PBXNativeTarget "SampleApp" */ = {
			isa = XCConfigurationList;
			buildConfigurations = (
				B5E66F216F31A6E3CDDFA68A /* Debug */,
				3C369ED413F8B808BFCD2226 /* Release */,
			);
			defaultConfigurationIsVisible = 0;
			defaultConfigurationName = Debug;
		};
		7FCD0870993D894B84E16173 /* Build configuration list for PBXProject "SampleApp" */ = {
			isa = XCConfigurationList;
			buildConfigurations = (
				9F7C5C53EADC8EB05C680D9F /* Debug */,
				C3D140D81C7DB2CCBF6837F7 /* Release */,
			);
			defaultConfigurationIsVisible = 0;
			defaultConfigurationName = Debug;
		};
/* End XCConfigurationList section */
	};
	rootObject = 3F108E0E1A9C2FF2E8F23400 /* Project object */;
}
